
Microsoft Visual Studio Solution File, Format Version 12.00
# Visual Studio Version 17
VisualStudioVersion = 17.0.31903.59
MinimumVisualStudioVersion = 10.0.40219.1
Project("{2150E333-8FDC-42A3-9474-1A3956D46DE8}") = "src", "src", "{827E0CD3-B72D-47B6-A68D-7590B98EB39B}"
EndProject
Project("{FAE04EC0-301F-11D3-BF4B-00C04F79EFBC}") = "WorkFlowCore.Domain", "src\WorkFlowCore.Domain\WorkFlowCore.Domain.csproj", "{B53CC9CA-B133-4058-843D-F373A4451166}"
EndProject
Project("{FAE04EC0-301F-11D3-BF4B-00C04F79EFBC}") = "WorkFlowCore.Infrastructure", "src\WorkFlowCore.Infrastructure\WorkFlowCore.Infrastructure.csproj", "{9477DEDD-C771-4A86-93EE-9A738DF8D76B}"
EndProject
Project("{FAE04EC0-301F-11D3-BF4B-00C04F79EFBC}") = "WorkFlowCore.Application", "src\WorkFlowCore.Application\WorkFlowCore.Application.csproj", "{EBACADBF-B1F1-4947-8E9D-1EB21E70D966}"
EndProject
Project("{FAE04EC0-301F-11D3-BF4B-00C04F79EFBC}") = "WorkFlowCore.Engine", "src\WorkFlowCore.Engine\WorkFlowCore.Engine.csproj", "{05E7DDA2-2279-4388-A080-CF6CF622F366}"
EndProject
Project("{FAE04EC0-301F-11D3-BF4B-00C04F79EFBC}") = "WorkFlowCore.API", "src\WorkFlowCore.API\WorkFlowCore.API.csproj", "{2F7CC506-68CD-4E8C-818C-BE42EE520EA3}"
EndProject
Project("{2150E333-8FDC-42A3-9474-1A3956D46DE8}") = "tests", "tests", "{0AB3BF05-4346-4AA6-1389-037BE0695223}"
EndProject
Project("{FAE04EC0-301F-11D3-BF4B-00C04F79EFBC}") = "WorkFlowCore.Domain.Tests", "tests\WorkFlowCore.Domain.Tests\WorkFlowCore.Domain.Tests.csproj", "{EF4356AC-7F72-4A17-AEB5-4B82AD44B39D}"
EndProject
Project("{FAE04EC0-301F-11D3-BF4B-00C04F79EFBC}") = "WorkFlowCore.Engine.Tests", "tests\WorkFlowCore.Engine.Tests\WorkFlowCore.Engine.Tests.csproj", "{6810E5DA-4269-4AF8-B518-222B86F13E36}"
EndProject
Global
	GlobalSection(SolutionConfigurationPlatforms) = preSolution
		Debug|Any CPU = Debug|Any CPU
		Debug|x64 = Debug|x64
		Debug|x86 = Debug|x86
		Release|Any CPU = Release|Any CPU
		Release|x64 = Release|x64
		Release|x86 = Release|x86
	EndGlobalSection
	GlobalSection(ProjectConfigurationPlatforms) = postSolution
		{B53CC9CA-B133-4058-843D-F373A4451166}.Debug|Any CPU.ActiveCfg = Debug|Any CPU
		{B53CC9CA-B133-4058-843D-F373A4451166}.Debug|Any CPU.Build.0 = Debug|Any CPU
		{B53CC9CA-B133-4058-843D-F373A4451166}.Debug|x64.ActiveCfg = Debug|Any CPU
		{B53CC9CA-B133-4058-843D-F373A4451166}.Debug|x64.Build.0 = Debug|Any CPU
		{B53CC9CA-B133-4058-843D-F373A4451166}.Debug|x86.ActiveCfg = Debug|Any CPU
		{B53CC9CA-B133-4058-843D-F373A4451166}.Debug|x86.Build.0 = Debug|Any CPU
		{B53CC9CA-B133-4058-843D-F373A4451166}.Release|Any CPU.ActiveCfg = Release|Any CPU
		{B53CC9CA-B133-4058-843D-F373A4451166}.Release|Any CPU.Build.0 = Release|Any CPU
		{B53CC9CA-B133-4058-843D-F373A4451166}.Release|x64.ActiveCfg = Release|Any CPU
		{B53CC9CA-B133-4058-843D-F373A4451166}.Release|x64.Build.0 = Release|Any CPU
		{B53CC9CA-B133-4058-843D-F373A4451166}.Release|x86.ActiveCfg = Release|Any CPU
		{B53CC9CA-B133-4058-843D-F373A4451166}.Release|x86.Build.0 = Release|Any CPU
		{9477DEDD-C771-4A86-93EE-9A738DF8D76B}.Debug|Any CPU.ActiveCfg = Debug|Any CPU
		{9477DEDD-C771-4A86-93EE-9A738DF8D76B}.Debug|Any CPU.Build.0 = Debug|Any CPU
		{9477DEDD-C771-4A86-93EE-9A738DF8D76B}.Debug|x64.ActiveCfg = Debug|Any CPU
		{9477DEDD-C771-4A86-93EE-9A738DF8D76B}.Debug|x64.Build.0 = Debug|Any CPU
		{9477DEDD-C771-4A86-93EE-9A738DF8D76B}.Debug|x86.ActiveCfg = Debug|Any CPU
		{9477DEDD-C771-4A86-93EE-9A738DF8D76B}.Debug|x86.Build.0 = Debug|Any CPU
		{9477DEDD-C771-4A86-93EE-9A738DF8D76B}.Release|Any CPU.ActiveCfg = Release|Any CPU
		{9477DEDD-C771-4A86-93EE-9A738DF8D76B}.Release|Any CPU.Build.0 = Release|Any CPU
		{9477DEDD-C771-4A86-93EE-9A738DF8D76B}.Release|x64.ActiveCfg = Release|Any CPU
		{9477DEDD-C771-4A86-93EE-9A738DF8D76B}.Release|x64.Build.0 = Release|Any CPU
		{9477DEDD-C771-4A86-93EE-9A738DF8D76B}.Release|x86.ActiveCfg = Release|Any CPU
		{9477DEDD-C771-4A86-93EE-9A738DF8D76B}.Release|x86.Build.0 = Release|Any CPU
		{EBACADBF-B1F1-4947-8E9D-1EB21E70D966}.Debug|Any CPU.ActiveCfg = Debug|Any CPU
		{EBACADBF-B1F1-4947-8E9D-1EB21E70D966}.Debug|Any CPU.Build.0 = Debug|Any CPU
		{EBACADBF-B1F1-4947-8E9D-1EB21E70D966}.Debug|x64.ActiveCfg = Debug|Any CPU
		{EBACADBF-B1F1-4947-8E9D-1EB21E70D966}.Debug|x64.Build.0 = Debug|Any CPU
		{EBACADBF-B1F1-4947-8E9D-1EB21E70D966}.Debug|x86.ActiveCfg = Debug|Any CPU
		{EBACADBF-B1F1-4947-8E9D-1EB21E70D966}.Debug|x86.Build.0 = Debug|Any CPU
		{EBACADBF-B1F1-4947-8E9D-1EB21E70D966}.Release|Any CPU.ActiveCfg = Release|Any CPU
		{EBACADBF-B1F1-4947-8E9D-1EB21E70D966}.Release|Any CPU.Build.0 = Release|Any CPU
		{EBACADBF-B1F1-4947-8E9D-1EB21E70D966}.Release|x64.ActiveCfg = Release|Any CPU
		{EBACADBF-B1F1-4947-8E9D-1EB21E70D966}.Release|x64.Build.0 = Release|Any CPU
		{EBACADBF-B1F1-4947-8E9D-1EB21E70D966}.Release|x86.ActiveCfg = Release|Any CPU
		{EBACADBF-B1F1-4947-8E9D-1EB21E70D966}.Release|x86.Build.0 = Release|Any CPU
		{05E7DDA2-2279-4388-A080-CF6CF622F366}.Debug|Any CPU.ActiveCfg = Debug|Any CPU
		{05E7DDA2-2279-4388-A080-CF6CF622F366}.Debug|Any CPU.Build.0 = Debug|Any CPU
		{05E7DDA2-2279-4388-A080-CF6CF622F366}.Debug|x64.ActiveCfg = Debug|Any CPU
		{05E7DDA2-2279-4388-A080-CF6CF622F366}.Debug|x64.Build.0 = Debug|Any CPU
		{05E7DDA2-2279-4388-A080-CF6CF622F366}.Debug|x86.ActiveCfg = Debug|Any CPU
		{05E7DDA2-2279-4388-A080-CF6CF622F366}.Debug|x86.Build.0 = Debug|Any CPU
		{05E7DDA2-2279-4388-A080-CF6CF622F366}.Release|Any CPU.ActiveCfg = Release|Any CPU
		{05E7DDA2-2279-4388-A080-CF6CF622F366}.Release|Any CPU.Build.0 = Release|Any CPU
		{05E7DDA2-2279-4388-A080-CF6CF622F366}.Release|x64.ActiveCfg = Release|Any CPU
		{05E7DDA2-2279-4388-A080-CF6CF622F366}.Release|x64.Build.0 = Release|Any CPU
		{05E7DDA2-2279-4388-A080-CF6CF622F366}.Release|x86.ActiveCfg = Release|Any CPU
		{05E7DDA2-2279-4388-A080-CF6CF622F366}.Release|x86.Build.0 = Release|Any CPU
		{2F7CC506-68CD-4E8C-818C-BE42EE520EA3}.Debug|Any CPU.ActiveCfg = Debug|Any CPU
		{2F7CC506-68CD-4E8C-818C-BE42EE520EA3}.Debug|Any CPU.Build.0 = Debug|Any CPU
		{2F7CC506-68CD-4E8C-818C-BE42EE520EA3}.Debug|x64.ActiveCfg = Debug|Any CPU
		{2F7CC506-68CD-4E8C-818C-BE42EE520EA3}.Debug|x64.Build.0 = Debug|Any CPU
		{2F7CC506-68CD-4E8C-818C-BE42EE520EA3}.Debug|x86.ActiveCfg = Debug|Any CPU
		{2F7CC506-68CD-4E8C-818C-BE42EE520EA3}.Debug|x86.Build.0 = Debug|Any CPU
		{2F7CC506-68CD-4E8C-818C-BE42EE520EA3}.Release|Any CPU.ActiveCfg = Release|Any CPU
		{2F7CC506-68CD-4E8C-818C-BE42EE520EA3}.Release|Any CPU.Build.0 = Release|Any CPU
		{2F7CC506-68CD-4E8C-818C-BE42EE520EA3}.Release|x64.ActiveCfg = Release|Any CPU
		{2F7CC506-68CD-4E8C-818C-BE42EE520EA3}.Release|x64.Build.0 = Release|Any CPU
		{2F7CC506-68CD-4E8C-818C-BE42EE520EA3}.Release|x86.ActiveCfg = Release|Any CPU
		{2F7CC506-68CD-4E8C-818C-BE42EE520EA3}.Release|x86.Build.0 = Release|Any CPU
		{EF4356AC-7F72-4A17-AEB5-4B82AD44B39D}.Debug|Any CPU.ActiveCfg = Debug|Any CPU
		{EF4356AC-7F72-4A17-AEB5-4B82AD44B39D}.Debug|Any CPU.Build.0 = Debug|Any CPU
		{EF4356AC-7F72-4A17-AEB5-4B82AD44B39D}.Debug|x64.ActiveCfg = Debug|Any CPU
		{EF4356AC-7F72-4A17-AEB5-4B82AD44B39D}.Debug|x64.Build.0 = Debug|Any CPU
		{EF4356AC-7F72-4A17-AEB5-4B82AD44B39D}.Debug|x86.ActiveCfg = Debug|Any CPU
		{EF4356AC-7F72-4A17-AEB5-4B82AD44B39D}.Debug|x86.Build.0 = Debug|Any CPU
		{EF4356AC-7F72-4A17-AEB5-4B82AD44B39D}.Release|Any CPU.ActiveCfg = Release|Any CPU
		{EF4356AC-7F72-4A17-AEB5-4B82AD44B39D}.Release|Any CPU.Build.0 = Release|Any CPU
		{EF4356AC-7F72-4A17-AEB5-4B82AD44B39D}.Release|x64.ActiveCfg = Release|Any CPU
		{EF4356AC-7F72-4A17-AEB5-4B82AD44B39D}.Release|x64.Build.0 = Release|Any CPU
		{EF4356AC-7F72-4A17-AEB5-4B82AD44B39D}.Release|x86.ActiveCfg = Release|Any CPU
		{EF4356AC-7F72-4A17-AEB5-4B82AD44B39D}.Release|x86.Build.0 = Release|Any CPU
		{6810E5DA-4269-4AF8-B518-222B86F13E36}.Debug|Any CPU.ActiveCfg = Debug|Any CPU
		{6810E5DA-4269-4AF8-B518-222B86F13E36}.Debug|Any CPU.Build.0 = Debug|Any CPU
		{6810E5DA-4269-4AF8-B518-222B86F13E36}.Debug|x64.ActiveCfg = Debug|Any CPU
		{6810E5DA-4269-4AF8-B518-222B86F13E36}.Debug|x64.Build.0 = Debug|Any CPU
		{6810E5DA-4269-4AF8-B518-222B86F13E36}.Debug|x86.ActiveCfg = Debug|Any CPU
		{6810E5DA-4269-4AF8-B518-222B86F13E36}.Debug|x86.Build.0 = Debug|Any CPU
		{6810E5DA-4269-4AF8-B518-222B86F13E36}.Release|Any CPU.ActiveCfg = Release|Any CPU
		{6810E5DA-4269-4AF8-B518-222B86F13E36}.Release|Any CPU.Build.0 = Release|Any CPU
		{6810E5DA-4269-4AF8-B518-222B86F13E36}.Release|x64.ActiveCfg = Release|Any CPU
		{6810E5DA-4269-4AF8-B518-222B86F13E36}.Release|x64.Build.0 = Release|Any CPU
		{6810E5DA-4269-4AF8-B518-222B86F13E36}.Release|x86.ActiveCfg = Release|Any CPU
		{6810E5DA-4269-4AF8-B518-222B86F13E36}.Release|x86.Build.0 = Release|Any CPU
	EndGlobalSection
	GlobalSection(SolutionProperties) = preSolution
		HideSolutionNode = FALSE
	EndGlobalSection
	GlobalSection(NestedProjects) = preSolution
		{B53CC9CA-B133-4058-843D-F373A4451166} = {827E0CD3-B72D-47B6-A68D-7590B98EB39B}
		{9477DEDD-C771-4A86-93EE-9A738DF8D76B} = {827E0CD3-B72D-47B6-A68D-7590B98EB39B}
		{EBACADBF-B1F1-4947-8E9D-1EB21E70D966} = {827E0CD3-B72D-47B6-A68D-7590B98EB39B}
		{05E7DDA2-2279-4388-A080-CF6CF622F366} = {827E0CD3-B72D-47B6-A68D-7590B98EB39B}
		{2F7CC506-68CD-4E8C-818C-BE42EE520EA3} = {827E0CD3-B72D-47B6-A68D-7590B98EB39B}
		{EF4356AC-7F72-4A17-AEB5-4B82AD44B39D} = {0AB3BF05-4346-4AA6-1389-037BE0695223}
		{6810E5DA-4269-4AF8-B518-222B86F13E36} = {0AB3BF05-4346-4AA6-1389-037BE0695223}
	EndGlobalSection
EndGlobal
